
Microsoft Visual Studio Solution File, Format Version 12.00
# Visual Studio Version 17
VisualStudioVersion = 17.10.35122.118
MinimumVisualStudioVersion = 10.0.40219.1
Project("{FAE04EC0-301F-11D3-BF4B-00C04F79EFBC}") = "FitTrackAPI", "FitTrackAPI.csproj", "{FD0177C9-F0B1-454F-B2C9-B152F64A3181}"
EndProject
Global
	GlobalSection(SolutionConfigurationPlatforms) = preSolution
		Debug|Any CPU = Debug|Any CPU
		Release|Any CPU = Release|Any CPU
	EndGlobalSection
	GlobalSection(ProjectConfigurationPlatforms) = postSolution
		{FD0177C9-F0B1-454F-B2C9-B152F64A3181}.Debug|Any CPU.ActiveCfg = Debug|Any CPU
		{FD0177C9-F0B1-454F-B2C9-B152F64A3181}.Debug|Any CPU.Build.0 = Debug|Any CPU
		{FD0177C9-F0B1-454F-B2C9-B152F64A3181}.Release|Any CPU.ActiveCfg = Release|Any CPU
		{FD0177C9-F0B1-454F-B2C9-B152F64A3181}.Release|Any CPU.Build.0 = Release|Any CPU
	EndGlobalSection
	GlobalSection(SolutionProperties) = preSolution
		HideSolutionNode = FALSE
	EndGlobalSection
	GlobalSection(ExtensibilityGlobals) = postSolution
		SolutionGuid = {6DBD977D-C0F8-4210-A84A-FCD3BFE6ED79}
	EndGlobalSection
EndGlobal
